
Microsoft Visual Studio Solution File, Format Version 12.00
# Visual Studio 15
VisualStudioVersion = 15.0.28307.489
MinimumVisualStudioVersion = 10.0.40219.1
Project("{FAE04EC0-301F-11D3-BF4B-00C04F79EFBC}") = "FileReader", "FileReader\FileReader.csproj", "{E08913F1-B01A-43B3-A090-01AD3CF3DC60}"
EndProject
Global
	GlobalSection(SolutionConfigurationPlatforms) = preSolution
		Debug|Any CPU = Debug|Any CPU
		Release|Any CPU = Release|Any CPU
	EndGlobalSection
	GlobalSection(ProjectConfigurationPlatforms) = postSolution
		{E08913F1-B01A-43B3-A090-01AD3CF3DC60}.Debug|Any CPU.ActiveCfg = Debug|Any CPU
		{E08913F1-B01A-43B3-A090-01AD3CF3DC60}.Debug|Any CPU.Build.0 = Debug|Any CPU
		{E08913F1-B01A-43B3-A090-01AD3CF3DC60}.Release|Any CPU.ActiveCfg = Release|Any CPU
		{E08913F1-B01A-43B3-A090-01AD3CF3DC60}.Release|Any CPU.Build.0 = Release|Any CPU
	EndGlobalSection
	GlobalSection(SolutionProperties) = preSolution
		HideSolutionNode = FALSE
	EndGlobalSection
	GlobalSection(ExtensibilityGlobals) = postSolution
		SolutionGuid = {3443423C-3071-4EC1-9926-9B9FD443B548}
	EndGlobalSection
EndGlobal
